
Microsoft Visual Studio Solution File, Format Version 12.00
# Visual Studio 15
VisualStudioVersion = 15.0.28218.60
MinimumVisualStudioVersion = 10.0.40219.1
Project("{9A19103F-16F7-4668-BE54-9A1E7A4F7556}") = "gRATE", "gRATE\gRATE\gRATE.csproj", "{1B5BE082-7E67-4824-A8B7-A7EFDA3F34B4}"
EndProject
Project("{9A19103F-16F7-4668-BE54-9A1E7A4F7556}") = "gRATE.Models", "gRATE.Models\gRATE.Models.csproj", "{2FB0116F-852F-4623-A99E-A8E46F0F1CD0}"
EndProject
Project("{9A19103F-16F7-4668-BE54-9A1E7A4F7556}") = "gRATE.Data", "gRATE.Data\gRATE.Data.csproj", "{FACF8421-514C-4F38-9027-4DF77057F5FE}"
EndProject
Project("{9A19103F-16F7-4668-BE54-9A1E7A4F7556}") = "gRATE.ViewModels", "gRATE.ViewModels\gRATE.ViewModels.csproj", "{849A40CE-9477-4AB4-A0B7-C758B46D3F59}"
EndProject
Project("{FAE04EC0-301F-11D3-BF4B-00C04F79EFBC}") = "gRate.Test", "gRate.Test\gRate.Test.csproj", "{DAA39FBB-80B6-4EEE-B08E-1122B205834B}"
EndProject
Global
	GlobalSection(SolutionConfigurationPlatforms) = preSolution
		Debug|Any CPU = Debug|Any CPU
		Release|Any CPU = Release|Any CPU
	EndGlobalSection
	GlobalSection(ProjectConfigurationPlatforms) = postSolution
		{1B5BE082-7E67-4824-A8B7-A7EFDA3F34B4}.Debug|Any CPU.ActiveCfg = Debug|Any CPU
		{1B5BE082-7E67-4824-A8B7-A7EFDA3F34B4}.Debug|Any CPU.Build.0 = Debug|Any CPU
		{1B5BE082-7E67-4824-A8B7-A7EFDA3F34B4}.Release|Any CPU.ActiveCfg = Release|Any CPU
		{1B5BE082-7E67-4824-A8B7-A7EFDA3F34B4}.Release|Any CPU.Build.0 = Release|Any CPU
		{2FB0116F-852F-4623-A99E-A8E46F0F1CD0}.Debug|Any CPU.ActiveCfg = Debug|Any CPU
		{2FB0116F-852F-4623-A99E-A8E46F0F1CD0}.Debug|Any CPU.Build.0 = Debug|Any CPU
		{2FB0116F-852F-4623-A99E-A8E46F0F1CD0}.Release|Any CPU.ActiveCfg = Release|Any CPU
		{2FB0116F-852F-4623-A99E-A8E46F0F1CD0}.Release|Any CPU.Build.0 = Release|Any CPU
		{FACF8421-514C-4F38-9027-4DF77057F5FE}.Debug|Any CPU.ActiveCfg = Debug|Any CPU
		{FACF8421-514C-4F38-9027-4DF77057F5FE}.Debug|Any CPU.Build.0 = Debug|Any CPU
		{FACF8421-514C-4F38-9027-4DF77057F5FE}.Release|Any CPU.ActiveCfg = Release|Any CPU
		{FACF8421-514C-4F38-9027-4DF77057F5FE}.Release|Any CPU.Build.0 = Release|Any CPU
		{849A40CE-9477-4AB4-A0B7-C758B46D3F59}.Debug|Any CPU.ActiveCfg = Debug|Any CPU
		{849A40CE-9477-4AB4-A0B7-C758B46D3F59}.Debug|Any CPU.Build.0 = Debug|Any CPU
		{849A40CE-9477-4AB4-A0B7-C758B46D3F59}.Release|Any CPU.ActiveCfg = Release|Any CPU
		{849A40CE-9477-4AB4-A0B7-C758B46D3F59}.Release|Any CPU.Build.0 = Release|Any CPU
		{DAA39FBB-80B6-4EEE-B08E-1122B205834B}.Debug|Any CPU.ActiveCfg = Debug|Any CPU
		{DAA39FBB-80B6-4EEE-B08E-1122B205834B}.Debug|Any CPU.Build.0 = Debug|Any CPU
		{DAA39FBB-80B6-4EEE-B08E-1122B205834B}.Release|Any CPU.ActiveCfg = Release|Any CPU
		{DAA39FBB-80B6-4EEE-B08E-1122B205834B}.Release|Any CPU.Build.0 = Release|Any CPU
	EndGlobalSection
	GlobalSection(SolutionProperties) = preSolution
		HideSolutionNode = FALSE
	EndGlobalSection
EndGlobal
